{
  "name": "views-common",
  "version": "1.0.0",
  "lockfileVersion": 3,
  "requires": true,
  "packages": {
    "": {
      "name": "views-common",
      "version": "1.0.0",
      "license": "MIT",
      "devDependencies": {
        "copyfiles": "file:../../node_modules/copyfiles",
        "vis-network": "^9.1.8"
      }
    },
    "../../node_modules/copyfiles": {
      "version": "2.4.1",
      "dev": true,
      "license": "MIT",
      "dependencies": {
        "glob": "^7.0.5",
        "minimatch": "^3.0.3",
        "mkdirp": "^1.0.4",
        "noms": "0.0.0",
        "through2": "^2.0.1",
        "untildify": "^4.0.0",
        "yargs": "^16.1.0"
      },
      "bin": {
        "copyfiles": "copyfiles",
        "copyup": "copyfiles"
      },
      "devDependencies": {
        "rimraf": "^2.2.6",
        "tap-spec": "^5.0.0",
        "tape": "^4.6.0"
      }
    },
    "node_modules/@egjs/hammerjs": {
      "version": "2.0.17",
      "resolved": "https://registry.npmjs.org/@egjs/hammerjs/-/hammerjs-2.0.17.tgz",
      "integrity": "sha512-XQsZgjm2EcVUiZQf11UBJQfmZeEmOW8DpI1gsFeln6w0ae0ii4dMQEQ0kjl6DspdWX1aGY1/loyXnP0JS06e/A==",
      "dev": true,
      "peer": true,
      "dependencies": {
        "@types/hammerjs": "^2.0.36"
      },
      "engines": {
        "node": ">=0.8.0"
      }
    },
    "node_modules/@types/hammerjs": {
      "version": "2.0.41",
      "resolved": "https://registry.npmjs.org/@types/hammerjs/-/hammerjs-2.0.41.tgz",
      "integrity": "sha512-ewXv/ceBaJprikMcxCmWU1FKyMAQ2X7a9Gtmzw8fcg2kIePI1crERDM818W+XYrxqdBBOdlf2rm137bU+BltCA==",
      "dev": true,
      "peer": true
    },
    "node_modules/component-emitter": {
      "version": "1.3.0",
      "resolved": "https://registry.npmjs.org/component-emitter/-/component-emitter-1.3.0.tgz",
      "integrity": "sha512-Rd3se6QB+sO1TwqZjscQrurpEPIfO0/yYnSin6Q/rD3mOutHvUrCAhJub3r90uNb+SESBuE0QYoB90YdfatsRg==",
      "dev": true,
      "peer": true
    },
    "node_modules/copyfiles": {
      "resolved": "../../node_modules/copyfiles",
      "link": true
    },
    "node_modules/keycharm": {
      "version": "0.4.0",
      "resolved": "https://registry.npmjs.org/keycharm/-/keycharm-0.4.0.tgz",
      "integrity": "sha512-TyQTtsabOVv3MeOpR92sIKk/br9wxS+zGj4BG7CR8YbK4jM3tyIBaF0zhzeBUMx36/Q/iQLOKKOT+3jOQtemRQ==",
      "dev": true,
      "peer": true
    },
    "node_modules/uuid": {
      "version": "8.3.2",
      "resolved": "https://registry.npmjs.org/uuid/-/uuid-8.3.2.tgz",
      "integrity": "sha512-+NYs2QeMWy+GWFOEm9xnn6HCDp0l7QBD7ml8zLUmJ+93Q5NF0NocErnwkTkXVFNiX3/fpC6afS8Dhb/gz7R7eg==",
      "dev": true,
      "peer": true,
      "bin": {
        "uuid": "dist/bin/uuid"
      }
    },
    "node_modules/vis-data": {
      "version": "7.1.4",
      "resolved": "https://registry.npmjs.org/vis-data/-/vis-data-7.1.4.tgz",
      "integrity": "sha512-usy+ePX1XnArNvJ5BavQod7YRuGQE1pjFl+pu7IS6rCom2EBoG0o1ZzCqf3l5US6MW51kYkLR+efxRbnjxNl7w==",
      "dev": true,
      "hasInstallScript": true,
      "peer": true,
      "funding": {
        "type": "opencollective",
        "url": "https://opencollective.com/visjs"
      },
      "peerDependencies": {
        "uuid": "^7.0.0 || ^8.0.0",
        "vis-util": "^4.0.0 || ^5.0.0"
      }
    },
    "node_modules/vis-network": {
      "version": "9.1.8",
      "resolved": "https://registry.npmjs.org/vis-network/-/vis-network-9.1.8.tgz",
      "integrity": "sha512-L/oNfMLlRA6kFg4gZF8wfJjWujjgxFEDIYFwQ/thfZwIclC0RTVQsDzTUdJSEosdHmYKugQuU3vCYB/hsoUqRw==",
      "dev": true,
      "funding": {
        "type": "opencollective",
        "url": "https://opencollective.com/visjs"
      },
      "peerDependencies": {
        "@egjs/hammerjs": "^2.0.0",
        "component-emitter": "^1.3.0",
        "keycharm": "^0.2.0 || ^0.3.0 || ^0.4.0",
        "uuid": "^3.4.0 || ^7.0.0 || ^8.0.0 || ^9.0.0",
        "vis-data": "^6.3.0 || ^7.0.0",
        "vis-util": "^5.0.1"
      }
    },
    "node_modules/vis-util": {
      "version": "5.0.3",
      "resolved": "https://registry.npmjs.org/vis-util/-/vis-util-5.0.3.tgz",
      "integrity": "sha512-Wf9STUcFrDzK4/Zr7B6epW2Kvm3ORNWF+WiwEz2dpf5RdWkLUXFSbLcuB88n1W6tCdFwVN+v3V4/Xmn9PeL39g==",
      "dev": true,
      "peer": true,
      "engines": {
        "node": ">=8"
      },
      "funding": {
        "type": "opencollective",
        "url": "https://opencollective.com/visjs"
      },
      "peerDependencies": {
        "@egjs/hammerjs": "^2.0.0",
        "component-emitter": "^1.3.0"
      }
    }
  }
}
