{
  "name": "views-common",
  "version": "1.0.0",
  "lockfileVersion": 2,
  "requires": true,
  "packages": {
    "": {
      "name": "views-common",
      "version": "1.0.0",
      "license": "MIT",
      "devDependencies": {
        "copyfiles": "file:../../node_modules/copyfiles"
      }
    },
    "../../node_modules/copyfiles": {
      "version": "2.4.1",
      "dev": true,
      "license": "MIT",
      "dependencies": {
        "glob": "^7.0.5",
        "minimatch": "^3.0.3",
        "mkdirp": "^1.0.4",
        "noms": "0.0.0",
        "through2": "^2.0.1",
        "untildify": "^4.0.0",
        "yargs": "^16.1.0"
      },
      "bin": {
        "copyfiles": "copyfiles",
        "copyup": "copyfiles"
      },
      "devDependencies": {
        "rimraf": "^2.2.6",
        "tap-spec": "^5.0.0",
        "tape": "^4.6.0"
      }
    },
    "node_modules/copyfiles": {
      "resolved": "../../node_modules/copyfiles",
      "link": true
    }
  },
  "dependencies": {
    "copyfiles": {
      "version": "file:../../node_modules/copyfiles",
      "requires": {
        "glob": "^7.0.5",
        "minimatch": "^3.0.3",
        "mkdirp": "^1.0.4",
        "noms": "0.0.0",
        "rimraf": "^2.2.6",
        "tap-spec": "^5.0.0",
        "tape": "^4.6.0",
        "through2": "^2.0.1",
        "untildify": "^4.0.0",
        "yargs": "^16.1.0"
      }
    }
  }
}
